
Microsoft Visual Studio Solution File, Format Version 12.00
# Visual Studio Version 16
VisualStudioVersion = 25.0.1704.2
MinimumVisualStudioVersion = 10.0.40219.1
Project("{FAE04EC0-301F-11D3-BF4B-00C04F79EFBC}") = "RenderEngine.Core", "RenderEngine.Core\RenderEngine.Core.csproj", "{D80CEAF8-EF76-4197-8DB5-662238F4CCE1}"
EndProject
Project("{FAE04EC0-301F-11D3-BF4B-00C04F79EFBC}") = "RenderEngine.UI", "RenderEngine.UI\RenderEngine.UI.csproj", "{5F761107-A08D-496C-A3D8-460DBBC90277}"
EndProject
Global
	GlobalSection(SolutionConfigurationPlatforms) = preSolution
		Debug|Any CPU = Debug|Any CPU
		Release|Any CPU = Release|Any CPU
	EndGlobalSection
	GlobalSection(ProjectConfigurationPlatforms) = postSolution
		{D80CEAF8-EF76-4197-8DB5-662238F4CCE1}.Debug|Any CPU.ActiveCfg = Debug|Any CPU
		{D80CEAF8-EF76-4197-8DB5-662238F4CCE1}.Debug|Any CPU.Build.0 = Debug|Any CPU
		{D80CEAF8-EF76-4197-8DB5-662238F4CCE1}.Release|Any CPU.ActiveCfg = Release|Any CPU
		{D80CEAF8-EF76-4197-8DB5-662238F4CCE1}.Release|Any CPU.Build.0 = Release|Any CPU
		{5F761107-A08D-496C-A3D8-460DBBC90277}.Debug|Any CPU.ActiveCfg = Debug|Any CPU
		{5F761107-A08D-496C-A3D8-460DBBC90277}.Debug|Any CPU.Build.0 = Debug|Any CPU
		{5F761107-A08D-496C-A3D8-460DBBC90277}.Release|Any CPU.ActiveCfg = Release|Any CPU
		{5F761107-A08D-496C-A3D8-460DBBC90277}.Release|Any CPU.Build.0 = Release|Any CPU
	EndGlobalSection
	GlobalSection(SolutionProperties) = preSolution
		HideSolutionNode = FALSE
	EndGlobalSection
	GlobalSection(ExtensibilityGlobals) = postSolution
		SolutionGuid = {3F0AB721-E280-4630-92F4-A7D1C0AAE65A}
	EndGlobalSection
EndGlobal
