
Microsoft Visual Studio Solution File, Format Version 12.00
# Visual Studio Version 17
VisualStudioVersion = 17.4.33122.133
MinimumVisualStudioVersion = 10.0.40219.1
Project("{9A19103F-16F7-4668-BE54-9A1E7A4F7556}") = "RenderEngine.WPF", "RenderEngine.WPF\RenderEngine.WPF.csproj", "{FA5475F4-A14B-4618-BCC3-FFF141DBBCED}"
EndProject
Project("{FAE04EC0-301F-11D3-BF4B-00C04F79EFBC}") = "RenderEngine.Core", "RenderEngine.Core\RenderEngine.Core.csproj", "{17F4D8E9-70C4-48B2-9EF0-794ADB38CD51}"
EndProject
Global
	GlobalSection(SolutionConfigurationPlatforms) = preSolution
		Debug|Any CPU = Debug|Any CPU
		Release|Any CPU = Release|Any CPU
	EndGlobalSection
	GlobalSection(ProjectConfigurationPlatforms) = postSolution
		{FA5475F4-A14B-4618-BCC3-FFF141DBBCED}.Debug|Any CPU.ActiveCfg = Debug|Any CPU
		{FA5475F4-A14B-4618-BCC3-FFF141DBBCED}.Debug|Any CPU.Build.0 = Debug|Any CPU
		{FA5475F4-A14B-4618-BCC3-FFF141DBBCED}.Release|Any CPU.ActiveCfg = Release|Any CPU
		{FA5475F4-A14B-4618-BCC3-FFF141DBBCED}.Release|Any CPU.Build.0 = Release|Any CPU
		{17F4D8E9-70C4-48B2-9EF0-794ADB38CD51}.Debug|Any CPU.ActiveCfg = Debug|Any CPU
		{17F4D8E9-70C4-48B2-9EF0-794ADB38CD51}.Debug|Any CPU.Build.0 = Debug|Any CPU
		{17F4D8E9-70C4-48B2-9EF0-794ADB38CD51}.Release|Any CPU.ActiveCfg = Release|Any CPU
		{17F4D8E9-70C4-48B2-9EF0-794ADB38CD51}.Release|Any CPU.Build.0 = Release|Any CPU
	EndGlobalSection
	GlobalSection(SolutionProperties) = preSolution
		HideSolutionNode = FALSE
	EndGlobalSection
	GlobalSection(ExtensibilityGlobals) = postSolution
		SolutionGuid = {59956FE9-D68D-4023-8397-233525A48639}
	EndGlobalSection
EndGlobal
